<?xml version="1.0" encoding="utf-8"?>
<Project ToolsVersion="4.0" xmlns="http://schemas.microsoft.com/developer/msbuild/2003">
  <ItemGroup>
    <Filter Include="Archivos de origen">
      <UniqueIdentifier>{4FC737F1-C7A5-4376-A066-2A32D752A2FF}</UniqueIdentifier>
      <Extensions>cpp;c;cc;cxx;def;odl;idl;hpj;bat;asm;asmx</Extensions>
    </Filter>
    <Filter Include="Archivos de encabezado">
      <UniqueIdentifier>{93995380-89BD-4b04-88EB-625FBE52EBFB}</UniqueIdentifier>
      <Extensions>h;hh;hpp;hxx;hm;inl;inc;ipp;xsd</Extensions>
    </Filter>
    <Filter Include="Archivos de recursos">
      <UniqueIdentifier>{67DA6AB6-F800-4c08-8B7A-83BB121AAD01}</UniqueIdentifier>
      <Extensions>rc;ico;cur;bmp;dlg;rc2;rct;bin;rgs;gif;jpg;jpeg;jpe;resx;tiff;tif;png;wav;mfcribbon-ms</Extensions>
    </Filter>
  </ItemGroup>
  <ItemGroup>
    <ClInclude Include="pch.h">
      <Filter>Archivos de encabezado</Filter>
    </ClInclude>
    <ClInclude Include="common_include.h">
      <Filter>Archivos de encabezado</Filter>
    </ClInclude>
    <ClInclude Include="config_file_parameters.h">
      <Filter>Archivos de encabezado</Filter>
    </ClInclude>
    <ClInclude Include="container_matrix_confusion.h">
      <Filter>Archivos de encabezado</Filter>
    </ClInclude>
    <ClInclude Include="CSVReader.h">
      <Filter>Archivos de encabezado</Filter>
    </ClInclude>
    <ClInclude Include="matrix_confusion.h">
      <Filter>Archivos de encabezado</Filter>
    </ClInclude>
    <ClInclude Include="mrmr.h">
      <Filter>Archivos de encabezado</Filter>
    </ClInclude>
    <ClInclude Include="mrmr_score.h">
      <Filter>Archivos de encabezado</Filter>
    </ClInclude>
    <ClInclude Include="point.h">
      <Filter>Archivos de encabezado</Filter>
    </ClInclude>
    <ClInclude Include="point_result.h">
      <Filter>Archivos de encabezado</Filter>
    </ClInclude>
    <ClInclude Include="load-balancing-knn.h">
      <Filter>Archivos de encabezado</Filter>
    </ClInclude>
    <ClInclude Include="knn_classify_vertical.h">
      <Filter>Archivos de encabezado</Filter>
    </ClInclude>
    <ClInclude Include="knn_classify_horizontal.h">
      <Filter>Archivos de encabezado</Filter>
    </ClInclude>
    <ClInclude Include="container_matrix_confusion_mpi.h">
      <Filter>Archivos de encabezado</Filter>
    </ClInclude>
    <ClInclude Include="matrix_confusion_mpi.h">
      <Filter>Archivos de encabezado</Filter>
    </ClInclude>
    <ClInclude Include="mpi_flow.h">
      <Filter>Archivos de encabezado</Filter>
    </ClInclude>
    <ClInclude Include="mpi_type_0.h">
      <Filter>Archivos de encabezado</Filter>
    </ClInclude>
    <ClInclude Include="mpi_type_1.h">
      <Filter>Archivos de encabezado</Filter>
    </ClInclude>
    <ClInclude Include="mpi_type_2.h">
      <Filter>Archivos de encabezado</Filter>
    </ClInclude>
    <ClInclude Include="mpi_type2_dinamic.h">
      <Filter>Archivos de encabezado</Filter>
    </ClInclude>
  </ItemGroup>
  <ItemGroup>
    <ClCompile Include="pch.cpp">
      <Filter>Archivos de origen</Filter>
    </ClCompile>
    <ClCompile Include="load-balancing-knn.cpp">
      <Filter>Archivos de origen</Filter>
    </ClCompile>
    <ClCompile Include="knn_classify_vertical.cpp">
      <Filter>Archivos de origen</Filter>
    </ClCompile>
    <ClCompile Include="knn_classify_horizontal.cpp">
      <Filter>Archivos de origen</Filter>
    </ClCompile>
    <ClCompile Include="container_matrix_confusion.cpp">
      <Filter>Archivos de origen</Filter>
    </ClCompile>
    <ClCompile Include="matrix_confusion.cpp">
      <Filter>Archivos de origen</Filter>
    </ClCompile>
    <ClCompile Include="container_matrix_confusion_mpi.cpp">
      <Filter>Archivos de origen</Filter>
    </ClCompile>
    <ClCompile Include="matrix_confusion_mpi.cpp">
      <Filter>Archivos de origen</Filter>
    </ClCompile>
    <ClCompile Include="mpi_flow.cpp">
      <Filter>Archivos de origen</Filter>
    </ClCompile>
    <ClCompile Include="mpi_type_0.cpp">
      <Filter>Archivos de origen</Filter>
    </ClCompile>
    <ClCompile Include="mpi_type_1.cpp">
      <Filter>Archivos de origen</Filter>
    </ClCompile>
    <ClCompile Include="mpi_type_2.cpp">
      <Filter>Archivos de origen</Filter>
    </ClCompile>
    <ClCompile Include="mpi_type2_dinamic.cpp">
      <Filter>Archivos de origen</Filter>
    </ClCompile>
  </ItemGroup>
  <ItemGroup>
    <None Include="Resources files\config_file.csv">
      <Filter>Archivos de recursos</Filter>
    </None>
    <None Include="Resources files\data_test_104.csv">
      <Filter>Archivos de recursos</Filter>
    </None>
    <None Include="Resources files\data_training_104.csv">
      <Filter>Archivos de recursos</Filter>
    </None>
    <None Include="Resources files\labels_test_104.csv">
      <Filter>Archivos de recursos</Filter>
    </None>
    <None Include="Resources files\labels_training_104.csv">
      <Filter>Archivos de recursos</Filter>
    </None>
    <None Include="Resources files\result2.csv">
      <Filter>Archivos de recursos</Filter>
    </None>
    <None Include="script_compile">
      <Filter>Archivos de recursos</Filter>
    </None>
  </ItemGroup>
</Project>